
Microsoft Visual Studio Solution File, Format Version 12.00
Project("{FAE04EC0-301F-11D3-BF4B-00C04F79EFBC}") = "Day1", "Day1\Day1.csproj", "{04C12E2A-9C68-428D-847F-118CC86A6051}"
EndProject
Project("{FAE04EC0-301F-11D3-BF4B-00C04F79EFBC}") = "Day2", "Day2\Day2.csproj", "{4CEDD909-8807-404E-A464-5FB5D5229A45}"
EndProject
Project("{FAE04EC0-301F-11D3-BF4B-00C04F79EFBC}") = "Day3", "Day3\Day3.csproj", "{A57541B8-D9A1-4E1A-92CB-EA2DE3DD8805}"
EndProject
Project("{FAE04EC0-301F-11D3-BF4B-00C04F79EFBC}") = "Day4", "Day4\Day4.csproj", "{206FAC7D-139C-4B5D-A0AF-CC5124FA6E8B}"
EndProject
Project("{FAE04EC0-301F-11D3-BF4B-00C04F79EFBC}") = "Day5", "Day5\Day5.csproj", "{FFF5592D-48DE-4A62-88E0-DDB9D47BA2ED}"
EndProject
Project("{FAE04EC0-301F-11D3-BF4B-00C04F79EFBC}") = "Day6", "Day6\Day6.csproj", "{764FFD83-9D17-4836-BFD6-44DB0B39B2A2}"
EndProject
Project("{FAE04EC0-301F-11D3-BF4B-00C04F79EFBC}") = "Day7", "Day7\Day7.csproj", "{D2598C82-2798-4159-83E6-6F08C82981A8}"
EndProject
Global
	GlobalSection(SolutionConfigurationPlatforms) = preSolution
		Debug|Any CPU = Debug|Any CPU
		Release|Any CPU = Release|Any CPU
	EndGlobalSection
	GlobalSection(ProjectConfigurationPlatforms) = postSolution
		{04C12E2A-9C68-428D-847F-118CC86A6051}.Debug|Any CPU.ActiveCfg = Debug|Any CPU
		{04C12E2A-9C68-428D-847F-118CC86A6051}.Debug|Any CPU.Build.0 = Debug|Any CPU
		{04C12E2A-9C68-428D-847F-118CC86A6051}.Release|Any CPU.ActiveCfg = Release|Any CPU
		{04C12E2A-9C68-428D-847F-118CC86A6051}.Release|Any CPU.Build.0 = Release|Any CPU
		{4CEDD909-8807-404E-A464-5FB5D5229A45}.Debug|Any CPU.ActiveCfg = Debug|Any CPU
		{4CEDD909-8807-404E-A464-5FB5D5229A45}.Debug|Any CPU.Build.0 = Debug|Any CPU
		{4CEDD909-8807-404E-A464-5FB5D5229A45}.Release|Any CPU.ActiveCfg = Release|Any CPU
		{4CEDD909-8807-404E-A464-5FB5D5229A45}.Release|Any CPU.Build.0 = Release|Any CPU
		{A57541B8-D9A1-4E1A-92CB-EA2DE3DD8805}.Debug|Any CPU.ActiveCfg = Debug|Any CPU
		{A57541B8-D9A1-4E1A-92CB-EA2DE3DD8805}.Debug|Any CPU.Build.0 = Debug|Any CPU
		{A57541B8-D9A1-4E1A-92CB-EA2DE3DD8805}.Release|Any CPU.ActiveCfg = Release|Any CPU
		{A57541B8-D9A1-4E1A-92CB-EA2DE3DD8805}.Release|Any CPU.Build.0 = Release|Any CPU
		{206FAC7D-139C-4B5D-A0AF-CC5124FA6E8B}.Debug|Any CPU.ActiveCfg = Debug|Any CPU
		{206FAC7D-139C-4B5D-A0AF-CC5124FA6E8B}.Debug|Any CPU.Build.0 = Debug|Any CPU
		{206FAC7D-139C-4B5D-A0AF-CC5124FA6E8B}.Release|Any CPU.ActiveCfg = Release|Any CPU
		{206FAC7D-139C-4B5D-A0AF-CC5124FA6E8B}.Release|Any CPU.Build.0 = Release|Any CPU
		{FFF5592D-48DE-4A62-88E0-DDB9D47BA2ED}.Debug|Any CPU.ActiveCfg = Debug|Any CPU
		{FFF5592D-48DE-4A62-88E0-DDB9D47BA2ED}.Debug|Any CPU.Build.0 = Debug|Any CPU
		{FFF5592D-48DE-4A62-88E0-DDB9D47BA2ED}.Release|Any CPU.ActiveCfg = Release|Any CPU
		{FFF5592D-48DE-4A62-88E0-DDB9D47BA2ED}.Release|Any CPU.Build.0 = Release|Any CPU
		{764FFD83-9D17-4836-BFD6-44DB0B39B2A2}.Debug|Any CPU.ActiveCfg = Debug|Any CPU
		{764FFD83-9D17-4836-BFD6-44DB0B39B2A2}.Debug|Any CPU.Build.0 = Debug|Any CPU
		{764FFD83-9D17-4836-BFD6-44DB0B39B2A2}.Release|Any CPU.ActiveCfg = Release|Any CPU
		{764FFD83-9D17-4836-BFD6-44DB0B39B2A2}.Release|Any CPU.Build.0 = Release|Any CPU
		{D2598C82-2798-4159-83E6-6F08C82981A8}.Debug|Any CPU.ActiveCfg = Debug|Any CPU
		{D2598C82-2798-4159-83E6-6F08C82981A8}.Debug|Any CPU.Build.0 = Debug|Any CPU
		{D2598C82-2798-4159-83E6-6F08C82981A8}.Release|Any CPU.ActiveCfg = Release|Any CPU
		{D2598C82-2798-4159-83E6-6F08C82981A8}.Release|Any CPU.Build.0 = Release|Any CPU
	EndGlobalSection
EndGlobal
